
Microsoft Visual Studio Solution File, Format Version 12.00
# Visual Studio 14
VisualStudioVersion = 14.0.23107.0
MinimumVisualStudioVersion = 10.0.40219.1
Project("{FAE04EC0-301F-11D3-BF4B-00C04F79EFBC}") = "kadmium-osc-dmx-dotnet-run", "kadmium-osc-dmx-dotnet\kadmium-osc-dmx-dotnet-run.csproj", "{91227DAF-2991-4BAA-BDB2-A7487C8962E9}"
EndProject
Project("{FAE04EC0-301F-11D3-BF4B-00C04F79EFBC}") = "kadmium-osc-dmx-dotnet-core", "kadmium-osc-dmx-dotnet-core\kadmium-osc-dmx-dotnet-core.csproj", "{372B51D0-2642-46EC-BDDD-D26783BC41C2}"
EndProject
Global
	GlobalSection(SolutionConfigurationPlatforms) = preSolution
		Debug|Any CPU = Debug|Any CPU
		Release|Any CPU = Release|Any CPU
	EndGlobalSection
	GlobalSection(ProjectConfigurationPlatforms) = postSolution
		{91227DAF-2991-4BAA-BDB2-A7487C8962E9}.Debug|Any CPU.ActiveCfg = Debug|Any CPU
		{91227DAF-2991-4BAA-BDB2-A7487C8962E9}.Debug|Any CPU.Build.0 = Debug|Any CPU
		{91227DAF-2991-4BAA-BDB2-A7487C8962E9}.Release|Any CPU.ActiveCfg = Release|Any CPU
		{91227DAF-2991-4BAA-BDB2-A7487C8962E9}.Release|Any CPU.Build.0 = Release|Any CPU
		{372B51D0-2642-46EC-BDDD-D26783BC41C2}.Debug|Any CPU.ActiveCfg = Debug|Any CPU
		{372B51D0-2642-46EC-BDDD-D26783BC41C2}.Debug|Any CPU.Build.0 = Debug|Any CPU
		{372B51D0-2642-46EC-BDDD-D26783BC41C2}.Release|Any CPU.ActiveCfg = Release|Any CPU
		{372B51D0-2642-46EC-BDDD-D26783BC41C2}.Release|Any CPU.Build.0 = Release|Any CPU
	EndGlobalSection
	GlobalSection(SolutionProperties) = preSolution
		HideSolutionNode = FALSE
	EndGlobalSection
EndGlobal
